
Microsoft Visual Studio Solution File, Format Version 12.00
# Visual Studio Version 17
VisualStudioVersion = 17.10.35013.160
MinimumVisualStudioVersion = 10.0.40219.1
Project("{9A19103F-16F7-4668-BE54-9A1E7A4F7556}") = "Yedidim.Core", "Yedidim.Core\Yedidim.Core.csproj", "{6A50BE60-CB58-42F1-82E1-0A9C42471176}"
EndProject
Project("{9A19103F-16F7-4668-BE54-9A1E7A4F7556}") = "Yedidim.Data", "Yedidim.Data\Yedidim.Data.csproj", "{A740CD0B-F6C8-49C5-99EC-F579A2B048BC}"
EndProject
Project("{9A19103F-16F7-4668-BE54-9A1E7A4F7556}") = "Yedidim.Service", "Yedidim.Service\Yedidim.Service.csproj", "{633F8558-987C-4D14-BFCB-8E780E6090F3}"
EndProject
Project("{9A19103F-16F7-4668-BE54-9A1E7A4F7556}") = "Yedidim.Api", "..\yedidim\Yedidim.Api\Yedidim.Api.csproj", "{C0C74071-9C60-4F0B-9D49-86DC3082BC81}"
EndProject
Global
	GlobalSection(SolutionConfigurationPlatforms) = preSolution
		Debug|Any CPU = Debug|Any CPU
		Release|Any CPU = Release|Any CPU
	EndGlobalSection
	GlobalSection(ProjectConfigurationPlatforms) = postSolution
		{6A50BE60-CB58-42F1-82E1-0A9C42471176}.Debug|Any CPU.ActiveCfg = Debug|Any CPU
		{6A50BE60-CB58-42F1-82E1-0A9C42471176}.Debug|Any CPU.Build.0 = Debug|Any CPU
		{6A50BE60-CB58-42F1-82E1-0A9C42471176}.Release|Any CPU.ActiveCfg = Release|Any CPU
		{6A50BE60-CB58-42F1-82E1-0A9C42471176}.Release|Any CPU.Build.0 = Release|Any CPU
		{A740CD0B-F6C8-49C5-99EC-F579A2B048BC}.Debug|Any CPU.ActiveCfg = Debug|Any CPU
		{A740CD0B-F6C8-49C5-99EC-F579A2B048BC}.Debug|Any CPU.Build.0 = Debug|Any CPU
		{A740CD0B-F6C8-49C5-99EC-F579A2B048BC}.Release|Any CPU.ActiveCfg = Release|Any CPU
		{A740CD0B-F6C8-49C5-99EC-F579A2B048BC}.Release|Any CPU.Build.0 = Release|Any CPU
		{633F8558-987C-4D14-BFCB-8E780E6090F3}.Debug|Any CPU.ActiveCfg = Debug|Any CPU
		{633F8558-987C-4D14-BFCB-8E780E6090F3}.Debug|Any CPU.Build.0 = Debug|Any CPU
		{633F8558-987C-4D14-BFCB-8E780E6090F3}.Release|Any CPU.ActiveCfg = Release|Any CPU
		{633F8558-987C-4D14-BFCB-8E780E6090F3}.Release|Any CPU.Build.0 = Release|Any CPU
		{C0C74071-9C60-4F0B-9D49-86DC3082BC81}.Debug|Any CPU.ActiveCfg = Debug|Any CPU
		{C0C74071-9C60-4F0B-9D49-86DC3082BC81}.Debug|Any CPU.Build.0 = Debug|Any CPU
		{C0C74071-9C60-4F0B-9D49-86DC3082BC81}.Release|Any CPU.ActiveCfg = Release|Any CPU
		{C0C74071-9C60-4F0B-9D49-86DC3082BC81}.Release|Any CPU.Build.0 = Release|Any CPU
	EndGlobalSection
	GlobalSection(SolutionProperties) = preSolution
		HideSolutionNode = FALSE
	EndGlobalSection
	GlobalSection(ExtensibilityGlobals) = postSolution
		SolutionGuid = {94A04982-9A72-4098-B788-79BF4774FA6B}
	EndGlobalSection
EndGlobal
